Microsoft Visual Studio Solution File, Format Version 12.00
# Visual Studio Version 17
VisualStudioVersion = 17.5.2.0
MinimumVisualStudioVersion = 10.0.40219.1
Project("{2150E333-8FDC-42A3-9474-1A3956D46DE8}") = "src", "src", "{827E0CD3-B72D-47B6-A68D-7590B98EB39B}"
EndProject
Project("{FAE04EC0-301F-11D3-BF4B-00C04F79EFBC}") = "IdentityAuthService", "src\IdentityAuthService\IdentityAuthService.csproj", "{DE6BCA33-9EF4-7D1E-3951-4FE5206DCB79}"
EndProject
Project("{FAE04EC0-301F-11D3-BF4B-00C04F79EFBC}") = "ResourceManagementService", "src\ResourceManagementService\ResourceManagementService.csproj", "{EEF4C6E4-A715-B0D1-86A4-22AF92BC8B31}"
EndProject
Global
	GlobalSection(SolutionConfigurationPlatforms) = preSolution
		Debug|Any CPU = Debug|Any CPU
		Release|Any CPU = Release|Any CPU
	EndGlobalSection
	GlobalSection(ProjectConfigurationPlatforms) = postSolution
		{DE6BCA33-9EF4-7D1E-3951-4FE5206DCB79}.Debug|Any CPU.ActiveCfg = Debug|Any CPU
		{DE6BCA33-9EF4-7D1E-3951-4FE5206DCB79}.Debug|Any CPU.Build.0 = Debug|Any CPU
		{DE6BCA33-9EF4-7D1E-3951-4FE5206DCB79}.Release|Any CPU.ActiveCfg = Release|Any CPU
		{DE6BCA33-9EF4-7D1E-3951-4FE5206DCB79}.Release|Any CPU.Build.0 = Release|Any CPU
		{EEF4C6E4-A715-B0D1-86A4-22AF92BC8B31}.Debug|Any CPU.ActiveCfg = Debug|Any CPU
		{EEF4C6E4-A715-B0D1-86A4-22AF92BC8B31}.Debug|Any CPU.Build.0 = Debug|Any CPU
		{EEF4C6E4-A715-B0D1-86A4-22AF92BC8B31}.Release|Any CPU.ActiveCfg = Release|Any CPU
		{EEF4C6E4-A715-B0D1-86A4-22AF92BC8B31}.Release|Any CPU.Build.0 = Release|Any CPU
	EndGlobalSection
	GlobalSection(SolutionProperties) = preSolution
		HideSolutionNode = FALSE
	EndGlobalSection
	GlobalSection(NestedProjects) = preSolution
		{DE6BCA33-9EF4-7D1E-3951-4FE5206DCB79} = {827E0CD3-B72D-47B6-A68D-7590B98EB39B}
		{EEF4C6E4-A715-B0D1-86A4-22AF92BC8B31} = {827E0CD3-B72D-47B6-A68D-7590B98EB39B}
	EndGlobalSection
	GlobalSection(ExtensibilityGlobals) = postSolution
		SolutionGuid = {7B2D47D2-43AD-4466-81C8-A73985CBADED}
	EndGlobalSection
EndGlobal
